
Microsoft Visual Studio Solution File, Format Version 12.00
# Visual Studio 15
VisualStudioVersion = 15.0.27130.2036
MinimumVisualStudioVersion = 10.0.40219.1
Project("{FAE04EC0-301F-11D3-BF4B-00C04F79EFBC}") = "HelloWorldService", "HelloWorldService\HelloWorldService.csproj", "{054BB86A-AD7D-401B-8246-E7EA866ECF92}"
EndProject
Project("{FAE04EC0-301F-11D3-BF4B-00C04F79EFBC}") = "HelloWorldClient", "HelloWorldClient\HelloWorldClient.csproj", "{6FDEFD87-130C-41E2-A1CB-DA4A5142D7E9}"
EndProject
Project("{E24C65DC-7377-472B-9ABA-BC803B73C61A}") = "Host", "Host\", "{B88C677F-80CD-49E4-9DE7-50D34EE8B1C4}"
	ProjectSection(WebsiteProperties) = preProject
		TargetFrameworkMoniker = ".NETFramework,Version%3Dv4.6.1"
		ProjectReferences = "{054bb86a-ad7d-401b-8246-e7ea866ecf92}|HelloWorldService.dll;"
		Debug.AspNetCompiler.VirtualPath = "/localhost_4328"
		Debug.AspNetCompiler.PhysicalPath = "Host\"
		Debug.AspNetCompiler.TargetPath = "PrecompiledWeb\localhost_4328\"
		Debug.AspNetCompiler.Updateable = "true"
		Debug.AspNetCompiler.ForceOverwrite = "true"
		Debug.AspNetCompiler.FixedNames = "false"
		Debug.AspNetCompiler.Debug = "True"
		Release.AspNetCompiler.VirtualPath = "/localhost_4328"
		Release.AspNetCompiler.PhysicalPath = "Host\"
		Release.AspNetCompiler.TargetPath = "PrecompiledWeb\localhost_4328\"
		Release.AspNetCompiler.Updateable = "true"
		Release.AspNetCompiler.ForceOverwrite = "true"
		Release.AspNetCompiler.FixedNames = "false"
		Release.AspNetCompiler.Debug = "False"
		VWDPort = "4328"
		SlnRelativePath = "Host\"
		DefaultWebSiteLanguage = "Visual C#"
	EndProjectSection
EndProject
Global
	GlobalSection(SolutionConfigurationPlatforms) = preSolution
		Debug|Any CPU = Debug|Any CPU
		Release|Any CPU = Release|Any CPU
	EndGlobalSection
	GlobalSection(ProjectConfigurationPlatforms) = postSolution
		{054BB86A-AD7D-401B-8246-E7EA866ECF92}.Debug|Any CPU.ActiveCfg = Debug|Any CPU
		{054BB86A-AD7D-401B-8246-E7EA866ECF92}.Debug|Any CPU.Build.0 = Debug|Any CPU
		{054BB86A-AD7D-401B-8246-E7EA866ECF92}.Release|Any CPU.ActiveCfg = Release|Any CPU
		{054BB86A-AD7D-401B-8246-E7EA866ECF92}.Release|Any CPU.Build.0 = Release|Any CPU
		{6FDEFD87-130C-41E2-A1CB-DA4A5142D7E9}.Debug|Any CPU.ActiveCfg = Debug|Any CPU
		{6FDEFD87-130C-41E2-A1CB-DA4A5142D7E9}.Debug|Any CPU.Build.0 = Debug|Any CPU
		{6FDEFD87-130C-41E2-A1CB-DA4A5142D7E9}.Release|Any CPU.ActiveCfg = Release|Any CPU
		{6FDEFD87-130C-41E2-A1CB-DA4A5142D7E9}.Release|Any CPU.Build.0 = Release|Any CPU
		{B88C677F-80CD-49E4-9DE7-50D34EE8B1C4}.Debug|Any CPU.ActiveCfg = Debug|Any CPU
		{B88C677F-80CD-49E4-9DE7-50D34EE8B1C4}.Debug|Any CPU.Build.0 = Debug|Any CPU
		{B88C677F-80CD-49E4-9DE7-50D34EE8B1C4}.Release|Any CPU.ActiveCfg = Debug|Any CPU
		{B88C677F-80CD-49E4-9DE7-50D34EE8B1C4}.Release|Any CPU.Build.0 = Debug|Any CPU
	EndGlobalSection
	GlobalSection(SolutionProperties) = preSolution
		HideSolutionNode = FALSE
	EndGlobalSection
	GlobalSection(ExtensibilityGlobals) = postSolution
		SolutionGuid = {FBF1B722-DA33-460D-B495-D484884F6784}
	EndGlobalSection
EndGlobal
